
Microsoft Visual Studio Solution File, Format Version 12.00
# Visual Studio Version 17
VisualStudioVersion = 17.1.32210.238
MinimumVisualStudioVersion = 10.0.40219.1
Project("{FAE04EC0-301F-11D3-BF4B-00C04F79EFBC}") = "GeradorQRCode", "GeradorQRCode.csproj", "{15685D05-652E-4EC2-A027-317669834705}"
EndProject
Global
	GlobalSection(SolutionConfigurationPlatforms) = preSolution
		Debug|Any CPU = Debug|Any CPU
		Release|Any CPU = Release|Any CPU
	EndGlobalSection
	GlobalSection(ProjectConfigurationPlatforms) = postSolution
		{15685D05-652E-4EC2-A027-317669834705}.Debug|Any CPU.ActiveCfg = Debug|Any CPU
		{15685D05-652E-4EC2-A027-317669834705}.Debug|Any CPU.Build.0 = Debug|Any CPU
		{15685D05-652E-4EC2-A027-317669834705}.Release|Any CPU.ActiveCfg = Release|Any CPU
		{15685D05-652E-4EC2-A027-317669834705}.Release|Any CPU.Build.0 = Release|Any CPU
	EndGlobalSection
	GlobalSection(SolutionProperties) = preSolution
		HideSolutionNode = FALSE
	EndGlobalSection
	GlobalSection(ExtensibilityGlobals) = postSolution
		SolutionGuid = {F5642BC3-FFFE-460E-B295-E152A8D33D4A}
	EndGlobalSection
EndGlobal
